
Microsoft Visual Studio Solution File, Format Version 12.00
# Visual Studio Version 17
VisualStudioVersion = 17.6.33829.357
MinimumVisualStudioVersion = 10.0.40219.1
Project("{FAE04EC0-301F-11D3-BF4B-00C04F79EFBC}") = "SmartPro_4", "SmartPro_4\SmartPro_4.csproj", "{14CCB6F9-45CB-44BD-885A-366377CB4F52}"
EndProject
Global
	GlobalSection(SolutionConfigurationPlatforms) = preSolution
		Debug|Any CPU = Debug|Any CPU
		Release|Any CPU = Release|Any CPU
	EndGlobalSection
	GlobalSection(ProjectConfigurationPlatforms) = postSolution
		{14CCB6F9-45CB-44BD-885A-366377CB4F52}.Debug|Any CPU.ActiveCfg = Debug|Any CPU
		{14CCB6F9-45CB-44BD-885A-366377CB4F52}.Debug|Any CPU.Build.0 = Debug|Any CPU
		{14CCB6F9-45CB-44BD-885A-366377CB4F52}.Release|Any CPU.ActiveCfg = Release|Any CPU
		{14CCB6F9-45CB-44BD-885A-366377CB4F52}.Release|Any CPU.Build.0 = Release|Any CPU
	EndGlobalSection
	GlobalSection(SolutionProperties) = preSolution
		HideSolutionNode = FALSE
	EndGlobalSection
	GlobalSection(ExtensibilityGlobals) = postSolution
		SolutionGuid = {E63ECA82-86F2-4D63-B94E-DF6F0AD73A0E}
	EndGlobalSection
EndGlobal
